
Microsoft Visual Studio Solution File, Format Version 12.00
# Visual Studio 15
VisualStudioVersion = 15.0.27130.2036
MinimumVisualStudioVersion = 10.0.40219.1
Project("{D2ABAB84-BF74-430A-B69E-9DC6D40DDA17}") = "sekila_ssas", "sekila_ssas\sekila_ssas.dwproj", "{6C795E40-27AC-4B4F-B393-1DD3722573ED}"
EndProject
Global
	GlobalSection(SolutionConfigurationPlatforms) = preSolution
		Development|Default = Development|Default
	EndGlobalSection
	GlobalSection(ProjectConfigurationPlatforms) = postSolution
		{6C795E40-27AC-4B4F-B393-1DD3722573ED}.Development|Default.ActiveCfg = Development
		{6C795E40-27AC-4B4F-B393-1DD3722573ED}.Development|Default.Build.0 = Development
		{6C795E40-27AC-4B4F-B393-1DD3722573ED}.Development|Default.Deploy.0 = Development
	EndGlobalSection
	GlobalSection(SolutionProperties) = preSolution
		HideSolutionNode = FALSE
	EndGlobalSection
	GlobalSection(ExtensibilityGlobals) = postSolution
		SolutionGuid = {48A37C03-40FA-4394-828E-36A873A27559}
	EndGlobalSection
EndGlobal
